PODS:
  - MultiProductViewer (0.0.3)

DEPENDENCIES:
  - MultiProductViewer (from `https://github.com/jnutting/MultiProductViewer`)

EXTERNAL SOURCES:
  MultiProductViewer:
    :git: https://github.com/jnutting/MultiProductViewer

CHECKOUT OPTIONS:
  MultiProductViewer:
    :commit: 8fd1b1ba40a660e027a932a2a9341438b06caa3f
    :git: https://github.com/jnutting/MultiProductViewer

SPEC CHECKSUMS:
  MultiProductViewer: 272dc704965fee028c04985d8f39972c223fea79

PODFILE CHECKSUM: a83fcf17f0d8574fc6e2c31eec0e7a34cf927842

COCOAPODS: 1.2.0
