PODS:
  - MultiProductViewer (0.0.8)

DEPENDENCIES:
  - MultiProductViewer (from `https://github.com/jnutting/MultiProductViewer`)

EXTERNAL SOURCES:
  MultiProductViewer:
    :git: https://github.com/jnutting/MultiProductViewer

CHECKOUT OPTIONS:
  MultiProductViewer:
    :commit: 7e7184e4c84635fa65e477d25562eee2940d7853
    :git: https://github.com/jnutting/MultiProductViewer

SPEC CHECKSUMS:
  MultiProductViewer: aa2e496de2a4ea66ff6a55ad36038810e0bac5f2

PODFILE CHECKSUM: a83fcf17f0d8574fc6e2c31eec0e7a34cf927842

COCOAPODS: 1.16.2
